
Microsoft Visual Studio Solution File, Format Version 12.00
# Visual Studio Version 17
VisualStudioVersion = 17.11.35327.3
MinimumVisualStudioVersion = 10.0.40219.1
Project("{FAE04EC0-301F-11D3-BF4B-00C04F79EFBC}") = "StaticFiles", "StaticFiles.csproj", "{71E39FCB-A5CD-4F5A-A437-4E9110E3C1C6}"
EndProject
Global
	GlobalSection(SolutionConfigurationPlatforms) = preSolution
		Debug|Any CPU = Debug|Any CPU
		Release|Any CPU = Release|Any CPU
	EndGlobalSection
	GlobalSection(ProjectConfigurationPlatforms) = postSolution
		{71E39FCB-A5CD-4F5A-A437-4E9110E3C1C6}.Debug|Any CPU.ActiveCfg = Debug|Any CPU
		{71E39FCB-A5CD-4F5A-A437-4E9110E3C1C6}.Debug|Any CPU.Build.0 = Debug|Any CPU
		{71E39FCB-A5CD-4F5A-A437-4E9110E3C1C6}.Release|Any CPU.ActiveCfg = Release|Any CPU
		{71E39FCB-A5CD-4F5A-A437-4E9110E3C1C6}.Release|Any CPU.Build.0 = Release|Any CPU
	EndGlobalSection
	GlobalSection(SolutionProperties) = preSolution
		HideSolutionNode = FALSE
	EndGlobalSection
	GlobalSection(ExtensibilityGlobals) = postSolution
		SolutionGuid = {DFBB1868-5E96-4282-859D-5A88ABB19ADC}
	EndGlobalSection
EndGlobal
